
Microsoft Visual Studio Solution File, Format Version 12.00
# Visual Studio Version 16
VisualStudioVersion = 16.0.30621.155
MinimumVisualStudioVersion = 10.0.40219.1
Project("{FAE04EC0-301F-11D3-BF4B-00C04F79EFBC}") = "BasicClassesExercise", "BasicClassesExercise\BasicClassesExercise.csproj", "{872EC8D0-A610-475A-81AE-F2EDA2D9AB9E}"
EndProject
Global
	GlobalSection(SolutionConfigurationPlatforms) = preSolution
		Debug|Any CPU = Debug|Any CPU
		Release|Any CPU = Release|Any CPU
	EndGlobalSection
	GlobalSection(ProjectConfigurationPlatforms) = postSolution
		{872EC8D0-A610-475A-81AE-F2EDA2D9AB9E}.Debug|Any CPU.ActiveCfg = Debug|Any CPU
		{872EC8D0-A610-475A-81AE-F2EDA2D9AB9E}.Debug|Any CPU.Build.0 = Debug|Any CPU
		{872EC8D0-A610-475A-81AE-F2EDA2D9AB9E}.Release|Any CPU.ActiveCfg = Release|Any CPU
		{872EC8D0-A610-475A-81AE-F2EDA2D9AB9E}.Release|Any CPU.Build.0 = Release|Any CPU
	EndGlobalSection
	GlobalSection(SolutionProperties) = preSolution
		HideSolutionNode = FALSE
	EndGlobalSection
	GlobalSection(ExtensibilityGlobals) = postSolution
		SolutionGuid = {F2CE3F47-E30A-4163-97A8-EE1F3048DD60}
	EndGlobalSection
EndGlobal
